[[package]]
category = "main"
description = "A lightweight, transparent syntax for REST clients"
name = "agithub"
optional = false
python-versions = "*"
version = "2.2.2"

[[package]]
category = "main"
description = "Internationalization utilities"
name = "babel"
optional = false
python-versions = ">=2.7, !=3.0.*, !=3.1.*, !=3.2.*, !=3.3.*"
version = "2.8.0"

[package.dependencies]
pytz = ">=2015.7"

[[package]]
category = "main"
description = "Screen-scraping library"
name = "beautifulsoup4"
optional = false
python-versions = "*"
version = "4.9.1"

[package.dependencies]
soupsieve = [">1.2", "<2.0"]

[package.extras]
html5lib = ["html5lib"]
lxml = ["lxml"]

[[package]]
category = "main"
description = "Python package for providing Mozilla's CA Bundle."
name = "certifi"
optional = false
python-versions = "*"
version = "2020.6.20"

[[package]]
category = "main"
description = "Universal encoding detector for Python 2 and 3"
name = "chardet"
optional = false
python-versions = "*"
version = "3.0.4"

[[package]]
category = "main"
description = "Decorators for Humans"
name = "decorator"
optional = false
python-versions = ">=2.6, !=3.0.*, !=3.1.*"
version = "4.4.2"

[[package]]
category = "main"
description = "Pythonic argument parser, that will make you smile"
name = "docopt"
optional = false
python-versions = "*"
version = "0.6.2"

[[package]]
category = "main"
description = "Docutils -- Python Documentation Utilities"
name = "docutils"
optional = false
python-versions = "*"
version = "0.12"

[[package]]
category = "main"
description = "eBay SDK for Python"
name = "ebaysdk"
optional = false
python-versions = "*"
version = "2.2.0"

[package.dependencies]
lxml = "*"
requests = "*"

[[package]]
category = "main"
description = "Universal feed parser, handles RSS 0.9x, RSS 1.0, RSS 2.0, CDF, Atom 0.3, and Atom 1.0 feeds"
name = "feedparser"
optional = false
python-versions = "*"
version = "5.2.1"

[[package]]
category = "main"
description = "Git Object Database"
name = "gitdb"
optional = false
python-versions = ">=3.4"
version = "4.0.5"

[package.dependencies]
smmap = ">=3.0.1,<4"

[[package]]
category = "main"
description = "Python Git Library"
name = "gitpython"
optional = false
python-versions = ">=3.4"
version = "3.1.7"

[package.dependencies]
gitdb = ">=4.0.1,<5"

[[package]]
category = "main"
description = "A Git URL parsing module (supports parsing and rewriting)"
name = "giturlparse"
optional = false
python-versions = "*"
version = "0.9.2"

[[package]]
category = "main"
description = "Turn HTML into equivalent Markdown-structured text."
name = "html2text"
optional = false
python-versions = "*"
version = "2016.9.19"

[[package]]
category = "main"
description = "Internationalized Domain Names in Applications (IDNA)"
name = "idna"
optional = false
python-versions = ">=2.7, !=3.0.*, !=3.1.*, !=3.2.*, !=3.3.*"
version = "2.10"

[[package]]
category = "main"
description = "A very fast and expressive template engine."
name = "jinja2"
optional = false
python-versions = ">=2.7, !=3.0.*, !=3.1.*, !=3.2.*, !=3.3.*, !=3.4.*"
version = "2.11.2"

[package.dependencies]
MarkupSafe = ">=0.23"

[package.extras]
i18n = ["Babel (>=0.8)"]

[[package]]
category = "main"
description = "SASS for Python: A straightforward binding of libsass for Python."
name = "libsass"
optional = false
python-versions = "*"
version = "0.12.3"

[package.dependencies]
six = "*"

[package.extras]
upload_appveyor_builds = ["twine (1.5.0)"]

[[package]]
category = "main"
description = "Powerful and Pythonic XML processing library combining libxml2/libxslt with the ElementTree API."
name = "lxml"
optional = false
python-versions = ">=2.7, !=3.0.*, !=3.1.*, !=3.2.*, !=3.3.*, != 3.4.*"
version = "4.5.2"

[package.extras]
cssselect = ["cssselect (>=0.7)"]
html5 = ["html5lib"]
htmlsoup = ["beautifulsoup4"]
source = ["Cython (>=0.29.7)"]

[[package]]
category = "main"
description = "A super-fast templating language that borrows the  best ideas from the existing templating languages."
name = "mako"
optional = false
python-versions = ">=2.7, !=3.0.*, !=3.1.*, !=3.2.*, !=3.3.*"
version = "1.1.3"

[package.dependencies]
MarkupSafe = ">=0.9.2"

[package.extras]
babel = ["babel"]
lingua = ["lingua"]

[[package]]
category = "main"
description = "Implements a XML/HTML/XHTML Markup safe string for Python"
name = "markupsafe"
optional = false
python-versions = "*"
version = "0.23"

[[package]]
category = "main"
description = "Rolling backport of unittest.mock for all Pythons"
name = "mock"
optional = false
python-versions = "*"
version = "2.0.0"

[package.dependencies]
pbr = ">=0.11"
six = ">=1.9"

[package.extras]
docs = ["sphinx", "Pygments (<2)", "jinja2 (<2.7)", "sphinx (<1.3)"]
test = ["unittest2 (>=1.1.0)"]

[[package]]
category = "main"
description = "Modules to convert numbers to words. Easily extensible."
name = "num2words"
optional = false
python-versions = "*"
version = "0.5.10"

[package.dependencies]
docopt = ">=0.6.2"

[[package]]
category = "main"
description = "Tools for working with the OFX (Open Financial Exchange) file format"
name = "ofxparse"
optional = false
python-versions = "*"
version = "0.16"

[package.dependencies]
beautifulsoup4 = "*"
lxml = "*"
six = "*"

[[package]]
category = "main"
description = "comprehensive password hashing framework supporting over 30 schemes"
name = "passlib"
optional = false
python-versions = "*"
version = "1.7.2"

[package.extras]
argon2 = ["argon2-cffi (>=18.2.0)"]
bcrypt = ["bcrypt (>=3.1.0)"]
build_docs = ["sphinx (>=1.6)", "sphinxcontrib-fulltoc (>=1.2.0)", "cloud-sptheme (>=1.10.0)"]
totp = ["cryptography"]

[[package]]
category = "main"
description = "Python Build Reasonableness"
name = "pbr"
optional = false
python-versions = "*"
version = "5.4.5"

[[package]]
category = "main"
description = "Python Imaging Library (Fork)"
name = "pillow"
optional = false
python-versions = ">=3.5"
version = "7.2.0"

[[package]]
category = "main"
description = "Python interface to Graphviz's Dot"
name = "pydot"
optional = false
python-versions = ">=2.7, !=3.0.*, !=3.1.*, !=3.2.*, !=3.3.*"
version = "1.4.1"

[package.dependencies]
pyparsing = ">=2.1.4"

[[package]]
category = "main"
description = "Python parsing module"
name = "pyparsing"
optional = false
python-versions = ">=2.6, !=3.0.*, !=3.1.*, !=3.2.*"
version = "2.4.7"

[[package]]
category = "main"
description = "PDF toolkit"
name = "pypdf2"
optional = false
python-versions = "*"
version = "1.26.0"

[[package]]
category = "main"
description = "Python Serial Port Extension"
name = "pyserial"
optional = false
python-versions = "*"
version = "3.4"

[[package]]
category = "main"
description = "Extensions to the standard Python datetime module"
name = "python-dateutil"
optional = false
python-versions = "!=3.0.*,!=3.1.*,!=3.2.*,>=2.7"
version = "2.8.1"

[package.dependencies]
six = ">=1.5"

[[package]]
category = "main"
description = "Python module to handle standardized numbers and codes"
name = "python-stdnum"
optional = false
python-versions = "*"
version = "1.13"

[package.extras]
soap = ["zeep"]
soap-alt = ["suds"]
soap-fallback = ["pysimplesoap"]

[[package]]
category = "main"
description = "World timezone definitions, modern and historical"
name = "pytz"
optional = false
python-versions = "*"
version = "2016.10"

[[package]]
category = "main"
description = "Python USB access module"
name = "pyusb"
optional = false
python-versions = "*"
version = "1.0.2"

[[package]]
category = "main"
description = "YAML parser and emitter for Python"
name = "pyyaml"
optional = false
python-versions = ">=2.7, !=3.0.*, !=3.1.*, !=3.2.*, !=3.3.*, !=3.4.*"
version = "5.3.1"

[[package]]
category = "main"
description = "QR Code image generator"
name = "qrcode"
optional = false
python-versions = "*"
version = "5.3"

[package.dependencies]
six = "*"

[[package]]
category = "main"
description = "The Reportlab Toolkit"
name = "reportlab"
optional = false
python-versions = "*"
version = "3.5.46"

[package.dependencies]
pillow = ">=4.0.0"

[[package]]
category = "main"
description = "Python HTTP for Humans."
name = "requests"
optional = false
python-versions = ">=2.7, !=3.0.*, !=3.1.*, !=3.2.*, !=3.3.*, !=3.4.*"
version = "2.24.0"

[package.dependencies]
certifi = ">=2017.4.17"
chardet = ">=3.0.2,<4"
idna = ">=2.5,<3"
urllib3 = ">=1.21.1,<1.25.0 || >1.25.0,<1.25.1 || >1.25.1,<1.26"

[package.extras]
security = ["pyOpenSSL (>=0.14)", "cryptography (>=1.3.4)"]
socks = ["PySocks (>=1.5.6,<1.5.7 || >1.5.7)", "win-inet-pton"]

[[package]]
category = "main"
description = "Retrying"
name = "retrying"
optional = false
python-versions = "*"
version = "1.3.3"

[package.dependencies]
six = ">=1.7.0"

[[package]]
category = "main"
description = "Python 2 and 3 compatibility utilities"
name = "six"
optional = false
python-versions = ">=2.7, !=3.0.*, !=3.1.*, !=3.2.*"
version = "1.15.0"

[[package]]
category = "main"
description = "A pure Python implementation of a sliding window memory map manager"
name = "smmap"
optional = false
python-versions = ">=2.7, !=3.0.*, !=3.1.*, !=3.2.*, !=3.3.*"
version = "3.0.4"

[[package]]
category = "main"
description = "A modern CSS selector implementation for Beautiful Soup."
name = "soupsieve"
optional = false
python-versions = "*"
version = "1.9.6"

[[package]]
category = "main"
description = "Lightweight SOAP client (Jurko's fork)"
name = "suds-jurko"
optional = false
python-versions = "*"
version = "0.6"

[[package]]
category = "main"
description = "HTTP library with thread-safe connection pooling, file post, and more."
name = "urllib3"
optional = false
python-versions = ">=2.7, !=3.0.*, !=3.1.*, !=3.2.*, !=3.3.*, !=3.4.*, <4"
version = "1.25.10"

[package.extras]
brotli = ["brotlipy (>=0.6.0)"]
secure = ["certifi", "cryptography (>=1.3.4)", "idna (>=2.0.0)", "pyOpenSSL (>=0.14)", "ipaddress"]
socks = ["PySocks (>=1.5.6,<1.5.7 || >1.5.7,<2.0)"]

[[package]]
category = "main"
description = "[UNMAINTAINED] Python module to validate VAT numbers"
name = "vatnumber"
optional = false
python-versions = "*"
version = "1.2"

[package.dependencies]
python-stdnum = "*"

[package.extras]
suds = ["suds"]

[[package]]
category = "main"
description = "A full-featured Python package for parsing and creating iCalendar and vCard files"
name = "vobject"
optional = false
python-versions = "*"
version = "0.9.6.1"

[package.dependencies]
python-dateutil = ">=2.4.0"

[[package]]
category = "main"
description = "The Swiss Army knife of Python web development"
name = "werkzeug"
optional = false
python-versions = "*"
version = "0.11.15"

[[package]]
category = "main"
description = "Library for developers to extract data from Microsoft Excel (tm) spreadsheet files"
name = "xlrd"
optional = false
python-versions = ">=2.7, !=3.0.*, !=3.1.*, !=3.2.*, !=3.3.*"
version = "1.2.0"

[[package]]
category = "main"
description = "A Python module for creating Excel XLSX files."
name = "xlsxwriter"
optional = false
python-versions = "*"
version = "0.9.9"

[[package]]
category = "main"
description = "Makes working with XML feel like you are working with JSON"
name = "xmltodict"
optional = false
python-versions = ">=2.7, !=3.0.*, !=3.1.*, !=3.2.*, !=3.3.*"
version = "0.12.0"

[metadata]
content-hash = "f3b1ab00c4f3c1b7682258efad9dae9ca82504ffb31910b7352e3a07743b1f47"
python-versions = "^3.7"

[metadata.files]
agithub = [
    {file = "agithub-2.2.2-py2.py3-none-any.whl", hash = "sha256:5f50071536db0cc9611859e761d7c3dc6f951a8535029bf6af7fb22744b7e118"},
    {file = "agithub-2.2.2.tar.gz", hash = "sha256:321aa5fc688fde2970562b35c991881b69a13f57372d554a0fab184df85fa8a7"},
]
babel = [
    {file = "Babel-2.8.0-py2.py3-none-any.whl", hash = "sha256:d670ea0b10f8b723672d3a6abeb87b565b244da220d76b4dba1b66269ec152d4"},
    {file = "Babel-2.8.0.tar.gz", hash = "sha256:1aac2ae2d0d8ea368fa90906567f5c08463d98ade155c0c4bfedd6a0f7160e38"},
]
beautifulsoup4 = [
    {file = "beautifulsoup4-4.9.1-py2-none-any.whl", hash = "sha256:e718f2342e2e099b640a34ab782407b7b676f47ee272d6739e60b8ea23829f2c"},
    {file = "beautifulsoup4-4.9.1-py3-none-any.whl", hash = "sha256:a6237df3c32ccfaee4fd201c8f5f9d9df619b93121d01353a64a73ce8c6ef9a8"},
    {file = "beautifulsoup4-4.9.1.tar.gz", hash = "sha256:73cc4d115b96f79c7d77c1c7f7a0a8d4c57860d1041df407dd1aae7f07a77fd7"},
]
certifi = [
    {file = "certifi-2020.6.20-py2.py3-none-any.whl", hash = "sha256:8fc0819f1f30ba15bdb34cceffb9ef04d99f420f68eb75d901e9560b8749fc41"},
    {file = "certifi-2020.6.20.tar.gz", hash = "sha256:5930595817496dd21bb8dc35dad090f1c2cd0adfaf21204bf6732ca5d8ee34d3"},
]
chardet = [
    {file = "chardet-3.0.4-py2.py3-none-any.whl", hash = "sha256:fc323ffcaeaed0e0a02bf4d117757b98aed530d9ed4531e3e15460124c106691"},
    {file = "chardet-3.0.4.tar.gz", hash = "sha256:84ab92ed1c4d4f16916e05906b6b75a6c0fb5db821cc65e70cbd64a3e2a5eaae"},
]
decorator = [
    {file = "decorator-4.4.2-py2.py3-none-any.whl", hash = "sha256:41fa54c2a0cc4ba648be4fd43cff00aedf5b9465c9bf18d64325bc225f08f760"},
    {file = "decorator-4.4.2.tar.gz", hash = "sha256:e3a62f0520172440ca0dcc823749319382e377f37f140a0b99ef45fecb84bfe7"},
]
docopt = [
    {file = "docopt-0.6.2.tar.gz", hash = "sha256:49b3a825280bd66b3aa83585ef59c4a8c82f2c8a522dbe754a8bc8d08c85c491"},
]
docutils = [
    {file = "docutils-0.12-py3-none-any.whl", hash = "sha256:dcebd4928112631626f4c4d0df59787c748404e66dda952110030ea883d3b8cd"},
    {file = "docutils-0.12.tar.gz", hash = "sha256:c7db717810ab6965f66c8cf0398a98c9d8df982da39b4cd7f162911eb89596fa"},
]
ebaysdk = [
    {file = "ebaysdk-2.2.0-py3-none-any.whl", hash = "sha256:e43bb4fd36494170bf42bc7fe5686c43103ec9bda235c4e716f3ecb7b0688d7d"},
    {file = "ebaysdk-2.2.0.tar.gz", hash = "sha256:2eb875d706b481f59ca8dd3074538df7e5196814f9ce12d0ef84690343a9c7f3"},
]
feedparser = [
    {file = "feedparser-5.2.1.tar.bz2", hash = "sha256:ce875495c90ebd74b179855449040003a1beb40cd13d5f037a0654251e260b02"},
    {file = "feedparser-5.2.1.tar.gz", hash = "sha256:bd030652c2d08532c034c27fcd7c85868e7fa3cb2b17f230a44a6bbc92519bf9"},
    {file = "feedparser-5.2.1.zip", hash = "sha256:cd2485472e41471632ed3029d44033ee420ad0b57111db95c240c9160a85831c"},
]
gitdb = [
    {file = "gitdb-4.0.5-py3-none-any.whl", hash = "sha256:91f36bfb1ab7949b3b40e23736db18231bf7593edada2ba5c3a174a7b23657ac"},
    {file = "gitdb-4.0.5.tar.gz", hash = "sha256:c9e1f2d0db7ddb9a704c2a0217be31214e91a4fe1dea1efad19ae42ba0c285c9"},
]
gitpython = [
    {file = "GitPython-3.1.7-py3-none-any.whl", hash = "sha256:fa3b92da728a457dd75d62bb5f3eb2816d99a7fe6c67398e260637a40e3fafb5"},
    {file = "GitPython-3.1.7.tar.gz", hash = "sha256:2db287d71a284e22e5c2846042d0602465c7434d910406990d5b74df4afb0858"},
]
giturlparse = [
    {file = "giturlparse-0.9.2-py2.py3-none-any.whl", hash = "sha256:8025143dd297122d8ecf96006f85a9e81c3c491b0ec5eebbba608488edbb289b"},
    {file = "giturlparse-0.9.2.tar.gz", hash = "sha256:7d923e9f4fa60b112cd306a19f5b4fe221a6f5fa9f34b48e6607e54ab7909cd4"},
]
html2text = [
    {file = "html2text-2016.9.19.tar.gz", hash = "sha256:554ef5fd6c6cf6e3e4f725a62a3e9ec86a0e4d33cd0928136d1c79dbeb7b2d55"},
]
idna = [
    {file = "idna-2.10-py2.py3-none-any.whl", hash = "sha256:b97d804b1e9b523befed77c48dacec60e6dcb0b5391d57af6a65a312a90648c0"},
    {file = "idna-2.10.tar.gz", hash = "sha256:b307872f855b18632ce0c21c5e45be78c0ea7ae4c15c828c20788b26921eb3f6"},
]
jinja2 = [
    {file = "Jinja2-2.11.2-py2.py3-none-any.whl", hash = "sha256:f0a4641d3cf955324a89c04f3d94663aa4d638abe8f733ecd3582848e1c37035"},
    {file = "Jinja2-2.11.2.tar.gz", hash = "sha256:89aab215427ef59c34ad58735269eb58b1a5808103067f7bb9d5836c651b3bb0"},
]
libsass = [
    {file = "libsass-0.12.3-cp27-cp27m-macosx_10_11_x86_64.whl", hash = "sha256:ff07c2c55f9d73d9f57cded30138ff99dfbb9fe7fbc71a4bbb43aa067ad2beed"},
    {file = "libsass-0.12.3-cp27-cp27m-win32.whl", hash = "sha256:2fb999d978e9cc8f7459f8f07a8acf9fc03d6e9fa95fcf98169bf0a5ede81eb6"},
    {file = "libsass-0.12.3-cp27-cp27m-win_amd64.whl", hash = "sha256:d2b77e43726cd658b1bc13f1a2df543dc34c9f945a9144faecc88ca03fe581ff"},
    {file = "libsass-0.12.3-cp27-cp27mu-manylinux1_x86_64.whl", hash = "sha256:edb366b784c58c635ace69ef392e5ad3a42690aeac80d43521c64e0ee7706331"},
    {file = "libsass-0.12.3-cp34-cp34m-manylinux1_x86_64.whl", hash = "sha256:ebf413799057a4dd59d85ceb533935f171117565053341e3714e4cb05253bbbf"},
    {file = "libsass-0.12.3-cp34-cp34m-win32.whl", hash = "sha256:815d60626b329db2943c5d331a5b74d36eb2e441047ae2bd6ad8d1b2c14cfc5d"},
    {file = "libsass-0.12.3-cp34-cp34m-win_amd64.whl", hash = "sha256:cd20479d80cdb49ba7007611d8a9a7004579d54552e010277764c19d82233a51"},
    {file = "libsass-0.12.3-cp35-cp35m-macosx_10_12_x86_64.whl", hash = "sha256:38e9b9b08d299793fffa7b5003d473a6c537e495117f2c44787e3437a5e38f90"},
    {file = "libsass-0.12.3-cp35-cp35m-macosx_10_6_intel.whl", hash = "sha256:28a490f350d38fa3a16da8a52e5ae685e71c8938a7b87cf2d58aee892f30c756"},
    {file = "libsass-0.12.3-cp35-cp35m-manylinux1_x86_64.whl", hash = "sha256:a1e3f19ef392badcc87ad75d8988b1720a4d4f5a506f2f52ebb781300c57136d"},
    {file = "libsass-0.12.3-cp35-cp35m-win32.whl", hash = "sha256:64414697e65da4bfb47f0e11471bf5c79e1dd81e10e2e4b1a70f8ed1cdc33f5b"},
    {file = "libsass-0.12.3-cp35-cp35m-win_amd64.whl", hash = "sha256:b8f8cf7c5ee16d217541e6b34def3f45286545077301adc4f54e94977fc69c9f"},
    {file = "libsass-0.12.3-cp36-cp36m-macosx_10_12_x86_64.whl", hash = "sha256:c3ea0cbb36745b6cc10278539e0bf93a426f2f497306181fc6214193f493b8d5"},
    {file = "libsass-0.12.3-cp36-cp36m-macosx_10_6_intel.whl", hash = "sha256:ec659d4d2f60d95160e60f7f52d569bf1b29318018b6f07f8706ff6d4bc04de7"},
    {file = "libsass-0.12.3-cp36-cp36m-manylinux1_x86_64.whl", hash = "sha256:b064ccedb51b874c725a40f03fc952afd85bd6f5369d41aa74f393ff3388b9e1"},
    {file = "libsass-0.12.3-cp36-cp36m-win32.whl", hash = "sha256:cf43ea1a69bab2836fc953e3d73f32d15efdcbf44c6082df36dd12c76ff59322"},
    {file = "libsass-0.12.3-cp36-cp36m-win_amd64.whl", hash = "sha256:55cb32142f8c5f449edcb4baf040b553d59a604c8957aa177d26782a06d0eb6f"},
    {file = "libsass-0.12.3.tar.gz", hash = "sha256:236762af9c693bb72ed92d65ff4a5a77d27af9494b6174fbec7e6308416673b0"},
]
lxml = [
    {file = "lxml-4.5.2-cp27-cp27m-macosx_10_9_x86_64.whl", hash = "sha256:74f48ec98430e06c1fa8949b49ebdd8d27ceb9df8d3d1c92e1fdc2773f003f20"},
    {file = "lxml-4.5.2-cp27-cp27m-manylinux1_i686.whl", hash = "sha256:e70d4e467e243455492f5de463b72151cc400710ac03a0678206a5f27e79ddef"},
    {file = "lxml-4.5.2-cp27-cp27m-manylinux1_x86_64.whl", hash = "sha256:7ad7906e098ccd30d8f7068030a0b16668ab8aa5cda6fcd5146d8d20cbaa71b5"},
    {file = "lxml-4.5.2-cp27-cp27m-win32.whl", hash = "sha256:92282c83547a9add85ad658143c76a64a8d339028926d7dc1998ca029c88ea6a"},
    {file = "lxml-4.5.2-cp27-cp27m-win_amd64.whl", hash = "sha256:05a444b207901a68a6526948c7cc8f9fe6d6f24c70781488e32fd74ff5996e3f"},
    {file = "lxml-4.5.2-cp27-cp27mu-manylinux1_i686.whl", hash = "sha256:94150231f1e90c9595ccc80d7d2006c61f90a5995db82bccbca7944fd457f0f6"},
    {file = "lxml-4.5.2-cp27-cp27mu-manylinux1_x86_64.whl", hash = "sha256:bea760a63ce9bba566c23f726d72b3c0250e2fa2569909e2d83cda1534c79443"},
    {file = "lxml-4.5.2-cp35-cp35m-manylinux1_i686.whl", hash = "sha256:c3f511a3c58676147c277eff0224c061dd5a6a8e1373572ac817ac6324f1b1e0"},
    {file = "lxml-4.5.2-cp35-cp35m-manylinux1_x86_64.whl", hash = "sha256:59daa84aef650b11bccd18f99f64bfe44b9f14a08a28259959d33676554065a1"},
    {file = "lxml-4.5.2-cp35-cp35m-manylinux2014_aarch64.whl", hash = "sha256:c9d317efde4bafbc1561509bfa8a23c5cab66c44d49ab5b63ff690f5159b2304"},
    {file = "lxml-4.5.2-cp35-cp35m-win32.whl", hash = "sha256:9dc9006dcc47e00a8a6a029eb035c8f696ad38e40a27d073a003d7d1443f5d88"},
    {file = "lxml-4.5.2-cp35-cp35m-win_amd64.whl", hash = "sha256:08fc93257dcfe9542c0a6883a25ba4971d78297f63d7a5a26ffa34861ca78730"},
    {file = "lxml-4.5.2-cp36-cp36m-macosx_10_9_x86_64.whl", hash = "sha256:121b665b04083a1e85ff1f5243d4a93aa1aaba281bc12ea334d5a187278ceaf1"},
    {file = "lxml-4.5.2-cp36-cp36m-manylinux1_i686.whl", hash = "sha256:5591c4164755778e29e69b86e425880f852464a21c7bb53c7ea453bbe2633bbe"},
    {file = "lxml-4.5.2-cp36-cp36m-manylinux1_x86_64.whl", hash = "sha256:cc411ad324a4486b142c41d9b2b6a722c534096963688d879ea6fa8a35028258"},
    {file = "lxml-4.5.2-cp36-cp36m-manylinux2014_aarch64.whl", hash = "sha256:1fa21263c3aba2b76fd7c45713d4428dbcc7644d73dcf0650e9d344e433741b3"},
    {file = "lxml-4.5.2-cp36-cp36m-win32.whl", hash = "sha256:786aad2aa20de3dbff21aab86b2fb6a7be68064cbbc0219bde414d3a30aa47ae"},
    {file = "lxml-4.5.2-cp36-cp36m-win_amd64.whl", hash = "sha256:e1cacf4796b20865789083252186ce9dc6cc59eca0c2e79cca332bdff24ac481"},
    {file = "lxml-4.5.2-cp37-cp37m-macosx_10_9_x86_64.whl", hash = "sha256:80a38b188d20c0524fe8959c8ce770a8fdf0e617c6912d23fc97c68301bb9aba"},
    {file = "lxml-4.5.2-cp37-cp37m-manylinux1_i686.whl", hash = "sha256:ecc930ae559ea8a43377e8b60ca6f8d61ac532fc57efb915d899de4a67928efd"},
    {file = "lxml-4.5.2-cp37-cp37m-manylinux1_x86_64.whl", hash = "sha256:a76979f728dd845655026ab991df25d26379a1a8fc1e9e68e25c7eda43004bed"},
    {file = "lxml-4.5.2-cp37-cp37m-manylinux2014_aarch64.whl", hash = "sha256:cfd7c5dd3c35c19cec59c63df9571c67c6d6e5c92e0fe63517920e97f61106d1"},
    {file = "lxml-4.5.2-cp37-cp37m-win32.whl", hash = "sha256:5a9c8d11aa2c8f8b6043d845927a51eb9102eb558e3f936df494e96393f5fd3e"},
    {file = "lxml-4.5.2-cp37-cp37m-win_amd64.whl", hash = "sha256:4b4a111bcf4b9c948e020fd207f915c24a6de3f1adc7682a2d92660eb4e84f1a"},
    {file = "lxml-4.5.2-cp38-cp38-macosx_10_9_x86_64.whl", hash = "sha256:5dd20538a60c4cc9a077d3b715bb42307239fcd25ef1ca7286775f95e9e9a46d"},
    {file = "lxml-4.5.2-cp38-cp38-manylinux1_i686.whl", hash = "sha256:2b30aa2bcff8e958cd85d907d5109820b01ac511eae5b460803430a7404e34d7"},
    {file = "lxml-4.5.2-cp38-cp38-manylinux1_x86_64.whl", hash = "sha256:aa8eba3db3d8761db161003e2d0586608092e217151d7458206e243be5a43843"},
    {file = "lxml-4.5.2-cp38-cp38-manylinux2014_aarch64.whl", hash = "sha256:8f0ec6b9b3832e0bd1d57af41f9238ea7709bbd7271f639024f2fc9d3bb01293"},
    {file = "lxml-4.5.2-cp38-cp38-win32.whl", hash = "sha256:107781b213cf7201ec3806555657ccda67b1fccc4261fb889ef7fc56976db81f"},
    {file = "lxml-4.5.2-cp38-cp38-win_amd64.whl", hash = "sha256:f161af26f596131b63b236372e4ce40f3167c1b5b5d459b29d2514bd8c9dc9ee"},
    {file = "lxml-4.5.2.tar.gz", hash = "sha256:cdc13a1682b2a6241080745b1953719e7fe0850b40a5c71ca574f090a1391df6"},
]
mako = [
    {file = "Mako-1.1.3-py2.py3-none-any.whl", hash = "sha256:93729a258e4ff0747c876bd9e20df1b9758028946e976324ccd2d68245c7b6a9"},
    {file = "Mako-1.1.3.tar.gz", hash = "sha256:8195c8c1400ceb53496064314c6736719c6f25e7479cd24c77be3d9361cddc27"},
]
markupsafe = [
    {file = "MarkupSafe-0.23.tar.gz", hash = "sha256:a4ec1aff59b95a14b45eb2e23761a0179e98319da5a7eb76b56ea8cdc7b871c3"},
]
mock = [
    {file = "mock-2.0.0-py2.py3-none-any.whl", hash = "sha256:5ce3c71c5545b472da17b72268978914d0252980348636840bd34a00b5cc96c1"},
    {file = "mock-2.0.0.tar.gz", hash = "sha256:b158b6df76edd239b8208d481dc46b6afd45a846b7812ff0ce58971cf5bc8bba"},
]
num2words = [
    {file = "num2words-0.5.10-py3-none-any.whl", hash = "sha256:0b6e5f53f11d3005787e206d9c03382f459ef048a43c544e3db3b1e05a961548"},
    {file = "num2words-0.5.10.tar.gz", hash = "sha256:37cd4f60678f7e1045cdc3adf6acf93c8b41bf732da860f97d301f04e611cc57"},
]
ofxparse = [
    {file = "ofxparse-0.16.tar.gz", hash = "sha256:cca83cd3d5578e7003b53457522c6dbb27832b734dbf869adf585f1547c3a91e"},
]
passlib = [
    {file = "passlib-1.7.2-py2.py3-none-any.whl", hash = "sha256:68c35c98a7968850e17f1b6892720764cc7eed0ef2b7cb3116a89a28e43fe177"},
    {file = "passlib-1.7.2.tar.gz", hash = "sha256:8d666cef936198bc2ab47ee9b0410c94adf2ba798e5a84bf220be079ae7ab6a8"},
]
pbr = [
    {file = "pbr-5.4.5-py2.py3-none-any.whl", hash = "sha256:579170e23f8e0c2f24b0de612f71f648eccb79fb1322c814ae6b3c07b5ba23e8"},
    {file = "pbr-5.4.5.tar.gz", hash = "sha256:07f558fece33b05caf857474a366dfcc00562bca13dd8b47b2b3e22d9f9bf55c"},
]
pillow = [
    {file = "Pillow-7.2.0-cp35-cp35m-macosx_10_10_intel.whl", hash = "sha256:1ca594126d3c4def54babee699c055a913efb01e106c309fa6b04405d474d5ae"},
    {file = "Pillow-7.2.0-cp35-cp35m-manylinux1_i686.whl", hash = "sha256:c92302a33138409e8f1ad16731568c55c9053eee71bb05b6b744067e1b62380f"},
    {file = "Pillow-7.2.0-cp35-cp35m-manylinux1_x86_64.whl", hash = "sha256:8dad18b69f710bf3a001d2bf3afab7c432785d94fcf819c16b5207b1cfd17d38"},
    {file = "Pillow-7.2.0-cp35-cp35m-manylinux2014_aarch64.whl", hash = "sha256:431b15cffbf949e89df2f7b48528be18b78bfa5177cb3036284a5508159492b5"},
    {file = "Pillow-7.2.0-cp35-cp35m-win32.whl", hash = "sha256:09d7f9e64289cb40c2c8d7ad674b2ed6105f55dc3b09aa8e4918e20a0311e7ad"},
    {file = "Pillow-7.2.0-cp35-cp35m-win_amd64.whl", hash = "sha256:0295442429645fa16d05bd567ef5cff178482439c9aad0411d3f0ce9b88b3a6f"},
    {file = "Pillow-7.2.0-cp36-cp36m-macosx_10_10_x86_64.whl", hash = "sha256:ec29604081f10f16a7aea809ad42e27764188fc258b02259a03a8ff7ded3808d"},
    {file = "Pillow-7.2.0-cp36-cp36m-manylinux1_i686.whl", hash = "sha256:612cfda94e9c8346f239bf1a4b082fdd5c8143cf82d685ba2dba76e7adeeb233"},
    {file = "Pillow-7.2.0-cp36-cp36m-manylinux1_x86_64.whl", hash = "sha256:0a80dd307a5d8440b0a08bd7b81617e04d870e40a3e46a32d9c246e54705e86f"},
    {file = "Pillow-7.2.0-cp36-cp36m-manylinux2014_aarch64.whl", hash = "sha256:06aba4169e78c439d528fdeb34762c3b61a70813527a2c57f0540541e9f433a8"},
    {file = "Pillow-7.2.0-cp36-cp36m-win32.whl", hash = "sha256:f7e30c27477dffc3e85c2463b3e649f751789e0f6c8456099eea7ddd53be4a8a"},
    {file = "Pillow-7.2.0-cp36-cp36m-win_amd64.whl", hash = "sha256:ffe538682dc19cc542ae7c3e504fdf54ca7f86fb8a135e59dd6bc8627eae6cce"},
    {file = "Pillow-7.2.0-cp37-cp37m-macosx_10_10_x86_64.whl", hash = "sha256:94cf49723928eb6070a892cb39d6c156f7b5a2db4e8971cb958f7b6b104fb4c4"},
    {file = "Pillow-7.2.0-cp37-cp37m-manylinux1_i686.whl", hash = "sha256:6edb5446f44d901e8683ffb25ebdfc26988ee813da3bf91e12252b57ac163727"},
    {file = "Pillow-7.2.0-cp37-cp37m-manylinux1_x86_64.whl", hash = "sha256:52125833b070791fcb5710fabc640fc1df07d087fc0c0f02d3661f76c23c5b8b"},
    {file = "Pillow-7.2.0-cp37-cp37m-manylinux2014_aarch64.whl", hash = "sha256:9ad7f865eebde135d526bb3163d0b23ffff365cf87e767c649550964ad72785d"},
    {file = "Pillow-7.2.0-cp37-cp37m-win32.whl", hash = "sha256:c79f9c5fb846285f943aafeafda3358992d64f0ef58566e23484132ecd8d7d63"},
    {file = "Pillow-7.2.0-cp37-cp37m-win_amd64.whl", hash = "sha256:d350f0f2c2421e65fbc62690f26b59b0bcda1b614beb318c81e38647e0f673a1"},
    {file = "Pillow-7.2.0-cp38-cp38-macosx_10_10_x86_64.whl", hash = "sha256:6d7741e65835716ceea0fd13a7d0192961212fd59e741a46bbed7a473c634ed6"},
    {file = "Pillow-7.2.0-cp38-cp38-manylinux1_i686.whl", hash = "sha256:edf31f1150778abd4322444c393ab9c7bd2af271dd4dafb4208fb613b1f3cdc9"},
    {file = "Pillow-7.2.0-cp38-cp38-manylinux1_x86_64.whl", hash = "sha256:d08b23fdb388c0715990cbc06866db554e1822c4bdcf6d4166cf30ac82df8c41"},
    {file = "Pillow-7.2.0-cp38-cp38-manylinux2014_aarch64.whl", hash = "sha256:5e51ee2b8114def244384eda1c82b10e307ad9778dac5c83fb0943775a653cd8"},
    {file = "Pillow-7.2.0-cp38-cp38-win32.whl", hash = "sha256:725aa6cfc66ce2857d585f06e9519a1cc0ef6d13f186ff3447ab6dff0a09bc7f"},
    {file = "Pillow-7.2.0-cp38-cp38-win_amd64.whl", hash = "sha256:a060cf8aa332052df2158e5a119303965be92c3da6f2d93b6878f0ebca80b2f6"},
    {file = "Pillow-7.2.0-pp36-pypy36_pp73-win32.whl", hash = "sha256:25930fadde8019f374400f7986e8404c8b781ce519da27792cbe46eabec00c4d"},
    {file = "Pillow-7.2.0.tar.gz", hash = "sha256:97f9e7953a77d5a70f49b9a48da7776dc51e9b738151b22dacf101641594a626"},
]
pydot = [
    {file = "pydot-1.4.1-py2.py3-none-any.whl", hash = "sha256:67be714300c78fda5fd52f79ec994039e3f76f074948c67b5ff539b433ad354f"},
    {file = "pydot-1.4.1.tar.gz", hash = "sha256:d49c9d4dd1913beec2a997f831543c8cbd53e535b1a739e921642fe416235f01"},
]
pyparsing = [
    {file = "pyparsing-2.4.7-py2.py3-none-any.whl", hash = "sha256:ef9d7589ef3c200abe66653d3f1ab1033c3c419ae9b9bdb1240a85b024efc88b"},
    {file = "pyparsing-2.4.7.tar.gz", hash = "sha256:c203ec8783bf771a155b207279b9bccb8dea02d8f0c9e5f8ead507bc3246ecc1"},
]
pypdf2 = [
    {file = "PyPDF2-1.26.0.tar.gz", hash = "sha256:e28f902f2f0a1603ea95ebe21dff311ef09be3d0f0ef29a3e44a932729564385"},
]
pyserial = [
    {file = "pyserial-3.4-py2.py3-none-any.whl", hash = "sha256:e0770fadba80c31013896c7e6ef703f72e7834965954a78e71a3049488d4d7d8"},
    {file = "pyserial-3.4.tar.gz", hash = "sha256:6e2d401fdee0eab996cf734e67773a0143b932772ca8b42451440cfed942c627"},
]
python-dateutil = [
    {file = "python-dateutil-2.8.1.tar.gz", hash = "sha256:73ebfe9dbf22e832286dafa60473e4cd239f8592f699aa5adaf10050e6e1823c"},
    {file = "python_dateutil-2.8.1-py2.py3-none-any.whl", hash = "sha256:75bb3f31ea686f1197762692a9ee6a7550b59fc6ca3a1f4b5d7e32fb98e2da2a"},
]
python-stdnum = [
    {file = "python-stdnum-1.13.tar.gz", hash = "sha256:120f83d33fb8b8be1b282f20dd755a892d5facf84f54fa21f75bbd2633128160"},
    {file = "python_stdnum-1.13-py2.py3-none-any.whl", hash = "sha256:3d5d4430579cba88211d3ba4855a16faff235352a25a01d6ab70024686a75823"},
]
pytz = [
    {file = "pytz-2016.10-py2.4.egg", hash = "sha256:c9bd582ebc202972182dc254541c7bd29195648d798feaffb0480fb679c347ec"},
    {file = "pytz-2016.10-py2.5.egg", hash = "sha256:a707e2a9c825aa5b4798f2368dc65a85966ccd6a2a42e14fc93364c614bc0e77"},
    {file = "pytz-2016.10-py2.6.egg", hash = "sha256:25a1432f18051c5f8b00419795bbd824ad2c02a948c48adf785b0bb8e74fbbb4"},
    {file = "pytz-2016.10-py2.7.egg", hash = "sha256:7d94af5a3ee62616da36f4a5d0138bbfb1cd52d987a8274c45e0c78167837e17"},
    {file = "pytz-2016.10-py2.py3-none-any.whl", hash = "sha256:a1ea35e87a63c7825846d5b5c81d23d668e8a102d3b1b465ce95afe1b3a2e065"},
    {file = "pytz-2016.10-py3.1.egg", hash = "sha256:dc221460e0264cb274fbb328936f509ba53d912669cb9ef6244e434c910be138"},
    {file = "pytz-2016.10-py3.2.egg", hash = "sha256:4c6f3e3f2e8bcd49bbb0f6031f77c3a99a54733ad330cb022d64cf406cf1bcb2"},
    {file = "pytz-2016.10-py3.3.egg", hash = "sha256:44daacdf5bb50c1fa3bc2b6c4c1f5afd78217e1478fe10585fc7ce5e383b6669"},
    {file = "pytz-2016.10-py3.4.egg", hash = "sha256:40c443019f389a93055d2c43a6a425aa10fd0047506e95747197a5a0423e58f8"},
    {file = "pytz-2016.10-py3.5.egg", hash = "sha256:c6fc91277aafa1031f9acddb701298549b96fa5ccc621f61425ca98d15f5935c"},
    {file = "pytz-2016.10.tar.bz2", hash = "sha256:7016b2c4fa075c564b81c37a252a5fccf60d8964aa31b7f5eae59aeb594ae02b"},
    {file = "pytz-2016.10.tar.gz", hash = "sha256:9a43e20aa537cfad8fe7a1715165c91cb4a6935d40947f2d070e4c80f2dcd22b"},
    {file = "pytz-2016.10.zip", hash = "sha256:aafbf066975fe217ed49d7d197b26903d3b43e9ca2aa6ba0a211081f13c41917"},
]
pyusb = [
    {file = "pyusb-1.0.2.tar.gz", hash = "sha256:4e9b72cc4a4205ca64fbf1f3fff39a335512166c151ad103e55c8223ac147362"},
]
pyyaml = [
    {file = "PyYAML-5.3.1-cp27-cp27m-win32.whl", hash = "sha256:74809a57b329d6cc0fdccee6318f44b9b8649961fa73144a98735b0aaf029f1f"},
    {file = "PyYAML-5.3.1-cp27-cp27m-win_amd64.whl", hash = "sha256:240097ff019d7c70a4922b6869d8a86407758333f02203e0fc6ff79c5dcede76"},
    {file = "PyYAML-5.3.1-cp35-cp35m-win32.whl", hash = "sha256:4f4b913ca1a7319b33cfb1369e91e50354d6f07a135f3b901aca02aa95940bd2"},
    {file = "PyYAML-5.3.1-cp35-cp35m-win_amd64.whl", hash = "sha256:cc8955cfbfc7a115fa81d85284ee61147059a753344bc51098f3ccd69b0d7e0c"},
    {file = "PyYAML-5.3.1-cp36-cp36m-win32.whl", hash = "sha256:7739fc0fa8205b3ee8808aea45e968bc90082c10aef6ea95e855e10abf4a37b2"},
    {file = "PyYAML-5.3.1-cp36-cp36m-win_amd64.whl", hash = "sha256:69f00dca373f240f842b2931fb2c7e14ddbacd1397d57157a9b005a6a9942648"},
    {file = "PyYAML-5.3.1-cp37-cp37m-win32.whl", hash = "sha256:d13155f591e6fcc1ec3b30685d50bf0711574e2c0dfffd7644babf8b5102ca1a"},
    {file = "PyYAML-5.3.1-cp37-cp37m-win_amd64.whl", hash = "sha256:73f099454b799e05e5ab51423c7bcf361c58d3206fa7b0d555426b1f4d9a3eaf"},
    {file = "PyYAML-5.3.1-cp38-cp38-win32.whl", hash = "sha256:06a0d7ba600ce0b2d2fe2e78453a470b5a6e000a985dd4a4e54e436cc36b0e97"},
    {file = "PyYAML-5.3.1-cp38-cp38-win_amd64.whl", hash = "sha256:95f71d2af0ff4227885f7a6605c37fd53d3a106fcab511b8860ecca9fcf400ee"},
    {file = "PyYAML-5.3.1.tar.gz", hash = "sha256:b8eac752c5e14d3eca0e6dd9199cd627518cb5ec06add0de9d32baeee6fe645d"},
]
qrcode = [
    {file = "qrcode-5.3-py2.py3-none-any.whl", hash = "sha256:60222a612b83231ed99e6cb36e55311227c395d0d0f62e41bb51ebbb84a9a22b"},
    {file = "qrcode-5.3.tar.gz", hash = "sha256:4115ccee832620df16b659d4653568331015c718a754855caf5930805d76924e"},
]
reportlab = [
    {file = "reportlab-3.5.46-cp27-cp27m-macosx_10_9_x86_64.whl", hash = "sha256:949d129ac63cc881c6b97b29e806a14c95f12d6c301f38d80f319283fe4ffd75"},
    {file = "reportlab-3.5.46-cp27-cp27m-manylinux1_i686.whl", hash = "sha256:529ab086e27ea58b80838e30c586284b1eb1dc0f102e88ff680ed7eaf1306197"},
    {file = "reportlab-3.5.46-cp27-cp27m-manylinux1_x86_64.whl", hash = "sha256:a15f58bb0aaf13d34fe15daf9e8183e3d8a70ec1e5121f57d646cf46c750d6e4"},
    {file = "reportlab-3.5.46-cp27-cp27m-manylinux2010_i686.whl", hash = "sha256:192490e34d950ccb2b6978c3045aba53698502a4bb596e5f2082a0c89c4c75d2"},
    {file = "reportlab-3.5.46-cp27-cp27m-manylinux2010_x86_64.whl", hash = "sha256:e1c71657e30636e96466e7435fb4b24fd41f5495dc09d73f7a3e2237688b3d53"},
    {file = "reportlab-3.5.46-cp27-cp27m-win32.whl", hash = "sha256:617c70e68404d6c7d940785f1bb151ac36a5c03a37720782a490bec89a09e66d"},
    {file = "reportlab-3.5.46-cp27-cp27m-win_amd64.whl", hash = "sha256:ccf4b429c770359ef92d2da82b7fe339a3543771c7485602c29ab7009e084dbd"},
    {file = "reportlab-3.5.46-cp27-cp27mu-manylinux1_i686.whl", hash = "sha256:379dedcf17732728ac29bd9536077994c651e085fd0d6c60177a64888ea70522"},
    {file = "reportlab-3.5.46-cp27-cp27mu-manylinux1_x86_64.whl", hash = "sha256:9cb0d946dc99e2d2b57cbd4c0022580bf7b4df0115438713fd6c739a24d8f7da"},
    {file = "reportlab-3.5.46-cp27-cp27mu-manylinux2010_i686.whl", hash = "sha256:a38529bab22a745e26ddd748ce208a86e1448b9997c2b8adf45fe10eba9b56c2"},
    {file = "reportlab-3.5.46-cp27-cp27mu-manylinux2010_x86_64.whl", hash = "sha256:9ad7f375b2051cba4476f327d9a457319562408637c99c3019d4927968946235"},
    {file = "reportlab-3.5.46-cp35-cp35m-macosx_10_6_intel.whl", hash = "sha256:d4dcbda1d2feec119049df67cdcbf2f79292c311b2f1eb4e12adcf12f9ca2e95"},
    {file = "reportlab-3.5.46-cp35-cp35m-manylinux1_i686.whl", hash = "sha256:48b510943ec80eaf412f325e5536eacf08642976f24efa58bc7fb5ea6d4a49cc"},
    {file = "reportlab-3.5.46-cp35-cp35m-manylinux1_x86_64.whl", hash = "sha256:3ec03727db5cf69c9c582fdd21eff89d9c8ea9fba2d9e129aca1c7fecbc8e0c4"},
    {file = "reportlab-3.5.46-cp35-cp35m-manylinux2010_i686.whl", hash = "sha256:de37e0c54725fab6a4838f1b0a318245e88424443b595860e3286467dd46e901"},
    {file = "reportlab-3.5.46-cp35-cp35m-manylinux2010_x86_64.whl", hash = "sha256:4668b40753d3bf484b6a9f9ac26f859f1af79bc3a3c82ffef04dad68bebfb451"},
    {file = "reportlab-3.5.46-cp35-cp35m-win32.whl", hash = "sha256:6134fb777c493cefb868021ca087cff5d7f272fad370658c72bcadc48f63e4f3"},
    {file = "reportlab-3.5.46-cp35-cp35m-win_amd64.whl", hash = "sha256:5efbf7050b90bd9dfe24f5987ee88005afc3dcb24525353f50a6f5cc7bed6c5b"},
    {file = "reportlab-3.5.46-cp36-cp36m-macosx_10_9_x86_64.whl", hash = "sha256:d97ef47275afb21fefcb43b410574c8c808cddca7e6e25ea98573fec3e625a61"},
    {file = "reportlab-3.5.46-cp36-cp36m-manylinux1_i686.whl", hash = "sha256:3ab09aab75961a35dc1e00810e99acadc1a87025e147c9789e6a5ef2b84eb0f3"},
    {file = "reportlab-3.5.46-cp36-cp36m-manylinux1_x86_64.whl", hash = "sha256:c1d3748716c73ca7d9486a065495414560536af2e12709c45d23e9413468300b"},
    {file = "reportlab-3.5.46-cp36-cp36m-manylinux2010_i686.whl", hash = "sha256:f7e5b3f051d9203dcddfeb8a14ca8e355e691b0d118761c06c60b7a7306434fe"},
    {file = "reportlab-3.5.46-cp36-cp36m-manylinux2010_x86_64.whl", hash = "sha256:4fb22a1119cfdeaa2d2b604fd61049f549de592f1ee3b5105b4f0b2820b7d5fd"},
    {file = "reportlab-3.5.46-cp36-cp36m-win32.whl", hash = "sha256:2ed6a4492903bf73b04c45a0ba7261ea7195ba111796ac34b7cad936ae8e2473"},
    {file = "reportlab-3.5.46-cp36-cp36m-win_amd64.whl", hash = "sha256:753ed04cc5c693db12c219097d01217660d3684c8cf871c87d4df29ed4494169"},
    {file = "reportlab-3.5.46-cp37-cp37m-macosx_10_9_x86_64.whl", hash = "sha256:1d1510f649dbdd6fbaa82b669e15ebb6a4de751b1a28e647b8c371df5e98e4ca"},
    {file = "reportlab-3.5.46-cp37-cp37m-manylinux1_i686.whl", hash = "sha256:3474af8b5e9ef7264a6a15326e2ba1538f64d6aa80e8727d0c1e72b8bf99def4"},
    {file = "reportlab-3.5.46-cp37-cp37m-manylinux1_x86_64.whl", hash = "sha256:469f07befa3af5a3450be16091f45a9875631349845951dea91578cc1c4e02ef"},
    {file = "reportlab-3.5.46-cp37-cp37m-manylinux2010_i686.whl", hash = "sha256:42abede1d8334cc4f4d206c46f76314b68b7793d7ad109ab7d240addd381c8bd"},
    {file = "reportlab-3.5.46-cp37-cp37m-manylinux2010_x86_64.whl", hash = "sha256:dcf5f04f789ab9425e5deb4c9c2652a24d8760a85955837c4047950e200660ee"},
    {file = "reportlab-3.5.46-cp37-cp37m-win32.whl", hash = "sha256:c31edbe9129a75085b6d361a523aca727458234c42daa5ace05b39f2136afa87"},
    {file = "reportlab-3.5.46-cp37-cp37m-win_amd64.whl", hash = "sha256:c955bb5c9f96db20ebc78d9faafe9aa045c857b0ff084a4a84cb64db25f2e4a5"},
    {file = "reportlab-3.5.46-cp38-cp38-macosx_10_9_x86_64.whl", hash = "sha256:f245e85f6b06bc4ed60804e82580a3a04ba78e9146402aa07e99464697e9c106"},
    {file = "reportlab-3.5.46-cp38-cp38-manylinux1_i686.whl", hash = "sha256:4aa6dbf52aeff0a74689edf0bd4c399db11b745405ea5b556746f6f2b7254297"},
    {file = "reportlab-3.5.46-cp38-cp38-manylinux1_x86_64.whl", hash = "sha256:75647d65bca603b27d11745f9fef0e927bf7412c0112e04efd0e10d17db9448e"},
    {file = "reportlab-3.5.46-cp38-cp38-manylinux2010_i686.whl", hash = "sha256:8c6f6e44e440b57adecdd3a18082d77fdd600735ffa7672e3735f054e9dc9d0f"},
    {file = "reportlab-3.5.46-cp38-cp38-manylinux2010_x86_64.whl", hash = "sha256:f59e4775cc2f060ec38ce43b36bc4492cd3e2ea5f91ec9cf3aefb9c2afd3654a"},
    {file = "reportlab-3.5.46-cp38-cp38-win32.whl", hash = "sha256:26b876cf87df25122d5648a9e07278221e17b8919006dddf3b3624148167d865"},
    {file = "reportlab-3.5.46-cp38-cp38-win_amd64.whl", hash = "sha256:726c412b1eeb6c09f4b62c9fa735c436f7cafbc8f1e8f67aa797483d3eca7f1c"},
    {file = "reportlab-3.5.46.tar.gz", hash = "sha256:56d71b78e7e4bb31a93e1dff13c22d19b7fb3890b021a39b6c3661b095bd7de8"},
]
requests = [
    {file = "requests-2.24.0-py2.py3-none-any.whl", hash = "sha256:fe75cc94a9443b9246fc7049224f75604b113c36acb93f87b80ed42c44cbb898"},
    {file = "requests-2.24.0.tar.gz", hash = "sha256:b3559a131db72c33ee969480840fff4bb6dd111de7dd27c8ee1f820f4f00231b"},
]
retrying = [
    {file = "retrying-1.3.3.tar.gz", hash = "sha256:08c039560a6da2fe4f2c426d0766e284d3b736e355f8dd24b37367b0bb41973b"},
]
six = [
    {file = "six-1.15.0-py2.py3-none-any.whl", hash = "sha256:8b74bedcbbbaca38ff6d7491d76f2b06b3592611af620f8426e82dddb04a5ced"},
    {file = "six-1.15.0.tar.gz", hash = "sha256:30639c035cdb23534cd4aa2dd52c3bf48f06e5f4a941509c8bafd8ce11080259"},
]
smmap = [
    {file = "smmap-3.0.4-py2.py3-none-any.whl", hash = "sha256:54c44c197c819d5ef1991799a7e30b662d1e520f2ac75c9efbeb54a742214cf4"},
    {file = "smmap-3.0.4.tar.gz", hash = "sha256:9c98bbd1f9786d22f14b3d4126894d56befb835ec90cef151af566c7e19b5d24"},
]
soupsieve = [
    {file = "soupsieve-1.9.6-py2.py3-none-any.whl", hash = "sha256:feb1e937fa26a69e08436aad4a9037cd7e1d4c7212909502ba30701247ff8abd"},
    {file = "soupsieve-1.9.6.tar.gz", hash = "sha256:7985bacc98c34923a439967c1a602dc4f1e15f923b6fcf02344184f86cc7efaa"},
]
suds-jurko = [
    {file = "suds-jurko-0.6.tar.bz2", hash = "sha256:29edb72fd21e3044093d86f33c66cf847c5aaab26d64cb90e69e528ef014e57f"},
    {file = "suds-jurko-0.6.zip", hash = "sha256:1cb7252cb13018fc32887c3a834ed7c6648a5b5c4c159be5806da2e1785399e8"},
]
urllib3 = [
    {file = "urllib3-1.25.10-py2.py3-none-any.whl", hash = "sha256:e7983572181f5e1522d9c98453462384ee92a0be7fac5f1413a1e35c56cc0461"},
    {file = "urllib3-1.25.10.tar.gz", hash = "sha256:91056c15fa70756691db97756772bb1eb9678fa585d9184f24534b100dc60f4a"},
]
vatnumber = [
    {file = "vatnumber-1.2.tar.gz", hash = "sha256:4e9e9cabcff6076d8deb8a347edfd5d0ab8cab1ed344fdbe5dd4a6110a2f2c7b"},
]
vobject = [
    {file = "vobject-0.9.6.1.tar.gz", hash = "sha256:96512aec74b90abb71f6b53898dd7fe47300cc940104c4f79148f0671f790101"},
]
werkzeug = [
    {file = "Werkzeug-0.11.15-py2.py3-none-any.whl", hash = "sha256:c6f6f89124df0514d886782c658c3e12f2caaa94da34cee3fd82eebf4ebf052b"},
    {file = "Werkzeug-0.11.15.tar.gz", hash = "sha256:455d7798ac263266dbd38d4841f7534dd35ca9c3da4a8df303f8488f38f3bcc0"},
]
xlrd = [
    {file = "xlrd-1.2.0-py2.py3-none-any.whl", hash = "sha256:e551fb498759fa3a5384a94ccd4c3c02eb7c00ea424426e212ac0c57be9dfbde"},
    {file = "xlrd-1.2.0.tar.gz", hash = "sha256:546eb36cee8db40c3eaa46c351e67ffee6eeb5fa2650b71bc4c758a29a1b29b2"},
]
xlsxwriter = [
    {file = "XlsxWriter-0.9.9-py2.py3-none-any.whl", hash = "sha256:647b623a4650d8bb3188a0742936df0cff031974391d311d09731f537c03e812"},
    {file = "XlsxWriter-0.9.9.tar.gz", hash = "sha256:9ae87f451ee28fc229dbdc74ec3d55b4d0ebcd470ec37bfe33a56e82dea1ce35"},
]
xmltodict = [
    {file = "xmltodict-0.12.0-py2.py3-none-any.whl", hash = "sha256:8bbcb45cc982f48b2ca8fe7e7827c5d792f217ecf1792626f808bf41c3b86051"},
    {file = "xmltodict-0.12.0.tar.gz", hash = "sha256:50d8c638ed7ecb88d90561beedbf720c9b4e851a9fa6c47ebd64e99d166d8a21"},
]
